
Microsoft Visual Studio Solution File, Format Version 12.00
# Visual Studio Version 17
VisualStudioVersion = 17.11.34909.67
MinimumVisualStudioVersion = 10.0.40219.1
Project("{9A19103F-16F7-4668-BE54-9A1E7A4F7556}") = "DFQuestionnaireV1", "DFQuestionnaireV1\DFQuestionnaireV1.csproj", "{27D5343E-1C82-45FE-926B-13A330181419}"
EndProject
Global
	GlobalSection(SolutionConfigurationPlatforms) = preSolution
		Debug|Any CPU = Debug|Any CPU
		Release|Any CPU = Release|Any CPU
	EndGlobalSection
	GlobalSection(ProjectConfigurationPlatforms) = postSolution
		{27D5343E-1C82-45FE-926B-13A330181419}.Debug|Any CPU.ActiveCfg = Debug|Any CPU
		{27D5343E-1C82-45FE-926B-13A330181419}.Debug|Any CPU.Build.0 = Debug|Any CPU
		{27D5343E-1C82-45FE-926B-13A330181419}.Release|Any CPU.ActiveCfg = Release|Any CPU
		{27D5343E-1C82-45FE-926B-13A330181419}.Release|Any CPU.Build.0 = Release|Any CPU
	EndGlobalSection
	GlobalSection(SolutionProperties) = preSolution
		HideSolutionNode = FALSE
	EndGlobalSection
	GlobalSection(ExtensibilityGlobals) = postSolution
		SolutionGuid = {CB4EF2D5-7080-4905-93D3-59C8FC5A5B3F}
	EndGlobalSection
EndGlobal
